// !$*UTF8*$!
{
	archiveVersion = 1;
	classes = {
	};
	objectVersion = 46;
	objects = {

/* Begin PBXBuildFile section */
		A620B5D71DAE6D80003CF9A4 /* impact.ttf in Resources */ = {isa = PBXBuildFile; fileRef = A6B197631DAD827E004C2FC7 /* impact.ttf */; };
		A620B5D81DAE6DD7003CF9A4 /* impact.ttf in Resources */ = {isa = PBXBuildFile; fileRef = A6B197631DAD827E004C2FC7 /* impact.ttf */; };
		A620B5DC1DAE7243003CF9A4 /* MemeCollectionViewCell.swift in Sources */ = {isa = PBXBuildFile; fileRef = A620B5DB1DAE7243003CF9A4 /* MemeCollectionViewCell.swift */; };
		A665D3CC1DB91BAF0001D88C /* MemeTableViewCell.swift in Sources */ = {isa = PBXBuildFile; fileRef = A665D3CB1DB91BAF0001D88C /* MemeTableViewCell.swift */; };
		A665D3CE1DB91C060001D88C /* SentMemesCollectionViewController.swift in Sources */ = {isa = PBXBuildFile; fileRef = A665D3CD1DB91C060001D88C /* SentMemesCollectionViewController.swift */; };
		A667C5601DAC60C90064FEF9 /* AppDelegate.swift in Sources */ = {isa = PBXBuildFile; fileRef = A667C55F1DAC60C90064FEF9 /* AppDelegate.swift */; };
		A667C5621DAC60C90064FEF9 /* MemeEditorViewController.swift in Sources */ = {isa = PBXBuildFile; fileRef = A667C5611DAC60C90064FEF9 /* MemeEditorViewController.swift */; };
		A667C5671DAC60C90064FEF9 /* Assets.xcassets in Resources */ = {isa = PBXBuildFile; fileRef = A667C5661DAC60C90064FEF9 /* Assets.xcassets */; };
		A667C56A1DAC60C90064FEF9 /* LaunchScreen.storyboard in Resources */ = {isa = PBXBuildFile; fileRef = A667C5681DAC60C90064FEF9 /* LaunchScreen.storyboard */; };
		A667C5941DAC63880064FEF9 /* MemeObject.swift in Sources */ = {isa = PBXBuildFile; fileRef = A667C5931DAC63880064FEF9 /* MemeObject.swift */; };
		A68FA49A1DB0148F001A3E92 /* MemesDetailViewController.swift in Sources */ = {isa = PBXBuildFile; fileRef = A68FA4991DB0148F001A3E92 /* MemesDetailViewController.swift */; };
		A68FA49D1DB0165E001A3E92 /* Main.storyboard in Resources */ = {isa = PBXBuildFile; fileRef = A68FA49B1DB0165E001A3E92 /* Main.storyboard */; };
		A6D9FE051DAE88E6006F0252 /* SentMemesTableViewController.swift in Sources */ = {isa = PBXBuildFile; fileRef = A6D9FE041DAE88E6006F0252 /* SentMemesTableViewController.swift */; };
/* End PBXBuildFile section */

/* Begin PBXContainerItemProxy section */
		A667C5711DAC60C90064FEF9 /* PBXContainerItemProxy */ = {
			isa = PBXContainerItemProxy;
			containerPortal = A667C5541DAC60C90064FEF9 /* Project object */;
			proxyType = 1;
			remoteGlobalIDString = A667C55B1DAC60C90064FEF9;
			remoteInfo = MemeMe_2.0;
		};
		A667C57C1DAC60C90064FEF9 /* PBXContainerItemProxy */ = {
			isa = PBXContainerItemProxy;
			containerPortal = A667C5541DAC60C90064FEF9 /* Project object */;
			proxyType = 1;
			remoteGlobalIDString = A667C55B1DAC60C90064FEF9;
			remoteInfo = MemeMe_2.0;
		};
/* End PBXContainerItemProxy section */

/* Begin PBXFileReference section */
		A620B5DB1DAE7243003CF9A4 /* MemeCollectionViewCell.swift */ = {isa = PBXFileReference; fileEncoding = 4; lastKnownFileType = sourcecode.swift; path = MemeCollectionViewCell.swift; sourceTree = "<group>"; };
		A665D3CB1DB91BAF0001D88C /* MemeTableViewCell.swift */ = {isa = PBXFileReference; fileEncoding = 4; lastKnownFileType = sourcecode.swift; path = MemeTableViewCell.swift; sourceTree = "<group>"; };
		A665D3CD1DB91C060001D88C /* SentMemesCollectionViewController.swift */ = {isa = PBXFileReference; fileEncoding = 4; lastKnownFileType = sourcecode.swift; path = SentMemesCollectionViewController.swift; sourceTree = "<group>"; };
		A667C55C1DAC60C90064FEF9 /* MemeMe_2.0.app */ = {isa = PBXFileReference; explicitFileType = wrapper.application; includeInIndex = 0; path = MemeMe_2.0.app; sourceTree = BUILT_PRODUCTS_DIR; };
		A667C55F1DAC60C90064FEF9 /* AppDelegate.swift */ = {isa = PBXFileReference; lastKnownFileType = sourcecode.swift; path = AppDelegate.swift; sourceTree = "<group>"; };
		A667C5611DAC60C90064FEF9 /* MemeEditorViewController.swift */ = {isa = PBXFileReference; lastKnownFileType = sourcecode.swift; path = MemeEditorViewController.swift; sourceTree = "<group>"; };
		A667C5661DAC60C90064FEF9 /* Assets.xcassets */ = {isa = PBXFileReference; lastKnownFileType = folder.assetcatalog; path = Assets.xcassets; sourceTree = "<group>"; };
		A667C5691DAC60C90064FEF9 /* Base */ = {isa = PBXFileReference; lastKnownFileType = file.storyboard; name = Base; path = Base.lproj/LaunchScreen.storyboard; sourceTree = "<group>"; };
		A667C56B1DAC60C90064FEF9 /* Info.plist */ = {isa = PBXFileReference; lastKnownFileType = text.plist.xml; path = Info.plist; sourceTree = "<group>"; };
		A667C5701DAC60C90064FEF9 /* MemeMe_2.0Tests.xctest */ = {isa = PBXFileReference; explicitFileType = wrapper.cfbundle; includeInIndex = 0; path = MemeMe_2.0Tests.xctest; sourceTree = BUILT_PRODUCTS_DIR; };
		A667C57B1DAC60C90064FEF9 /* MemeMe_2.0UITests.xctest */ = {isa = PBXFileReference; explicitFileType = wrapper.cfbundle; includeInIndex = 0; path = MemeMe_2.0UITests.xctest; sourceTree = BUILT_PRODUCTS_DIR; };
		A667C5931DAC63880064FEF9 /* MemeObject.swift */ = {isa = PBXFileReference; fileEncoding = 4; lastKnownFileType = sourcecode.swift; path = MemeObject.swift; sourceTree = "<group>"; };
		A68FA4991DB0148F001A3E92 /* MemesDetailViewController.swift */ = {isa = PBXFileReference; fileEncoding = 4; lastKnownFileType = sourcecode.swift; path = MemesDetailViewController.swift; sourceTree = "<group>"; };
		A68FA49C1DB0165E001A3E92 /* Base */ = {isa = PBXFileReference; lastKnownFileType = file.storyboard; name = Base; path = Base.lproj/Main.storyboard; sourceTree = "<group>"; };
		A6B197631DAD827E004C2FC7 /* impact.ttf */ = {isa = PBXFileReference; lastKnownFileType = file; name = impact.ttf; path = MemeMe_2.0/Assets.xcassets/impact.ttf; sourceTree = "<group>"; };
		A6D9FE041DAE88E6006F0252 /* SentMemesTableViewController.swift */ = {isa = PBXFileReference; fileEncoding = 4; lastKnownFileType = sourcecode.swift; path = SentMemesTableViewController.swift; sourceTree = "<group>"; };
/* End PBXFileReference section */

/* Begin PBXFrameworksBuildPhase section */
		A667C5591DAC60C90064FEF9 /* Frameworks */ = {
			isa = PBXFrameworksBuildPhase;
			buildActionMask = 2147483647;
			files = (
			);
			runOnlyForDeploymentPostprocessing = 0;
		};
		A667C56D1DAC60C90064FEF9 /* Frameworks */ = {
			isa = PBXFrameworksBuildPhase;
			buildActionMask = 2147483647;
			files = (
			);
			runOnlyForDeploymentPostprocessing = 0;
		};
		A667C5781DAC60C90064FEF9 /* Frameworks */ = {
			isa = PBXFrameworksBuildPhase;
			buildActionMask = 2147483647;
			files = (
			);
			runOnlyForDeploymentPostprocessing = 0;
		};
/* End PBXFrameworksBuildPhase section */

/* Begin PBXGroup section */
		A667C5531DAC60C90064FEF9 = {
			isa = PBXGroup;
			children = (
				A667C55E1DAC60C90064FEF9 /* MemeMe_2.0 */,
				A667C5921DAC633B0064FEF9 /* Supporting Files */,
				A667C55D1DAC60C90064FEF9 /* Products */,
				A667C58F1DAC62BB0064FEF9 /* Resources */,
			);
			sourceTree = "<group>";
		};
		A667C55D1DAC60C90064FEF9 /* Products */ = {
			isa = PBXGroup;
			children = (
				A667C55C1DAC60C90064FEF9 /* MemeMe_2.0.app */,
				A667C5701DAC60C90064FEF9 /* MemeMe_2.0Tests.xctest */,
				A667C57B1DAC60C90064FEF9 /* MemeMe_2.0UITests.xctest */,
			);
			name = Products;
			sourceTree = "<group>";
		};
		A667C55E1DAC60C90064FEF9 /* MemeMe_2.0 */ = {
			isa = PBXGroup;
			children = (
				A667C55F1DAC60C90064FEF9 /* AppDelegate.swift */,
				A68FA49B1DB0165E001A3E92 /* Main.storyboard */,
				A667C5661DAC60C90064FEF9 /* Assets.xcassets */,
				A667C5931DAC63880064FEF9 /* MemeObject.swift */,
				A667C5611DAC60C90064FEF9 /* MemeEditorViewController.swift */,
				A6D9FE041DAE88E6006F0252 /* SentMemesTableViewController.swift */,
				A665D3CD1DB91C060001D88C /* SentMemesCollectionViewController.swift */,
				A68FA4991DB0148F001A3E92 /* MemesDetailViewController.swift */,
				A620B5DB1DAE7243003CF9A4 /* MemeCollectionViewCell.swift */,
				A665D3CB1DB91BAF0001D88C /* MemeTableViewCell.swift */,
				A667C56B1DAC60C90064FEF9 /* Info.plist */,
			);
			path = MemeMe_2.0;
			sourceTree = "<group>";
		};
		A667C58F1DAC62BB0064FEF9 /* Resources */ = {
			isa = PBXGroup;
			children = (
				A6B197631DAD827E004C2FC7 /* impact.ttf */,
			);
			name = Resources;
			sourceTree = "<group>";
		};
		A667C5921DAC633B0064FEF9 /* Supporting Files */ = {
			isa = PBXGroup;
			children = (
				A667C5681DAC60C90064FEF9 /* LaunchScreen.storyboard */,
			);
			name = "Supporting Files";
			sourceTree = "<group>";
		};
/* End PBXGroup section */

/* Begin PBXNativeTarget section */
		A667C55B1DAC60C90064FEF9 /* MemeMe_2.0 */ = {
			isa = PBXNativeTarget;
			buildConfigurationList = A667C5841DAC60C90064FEF9 /* Build configuration list for PBXNativeTarget "MemeMe_2.0" */;
			buildPhases = (
				A667C5581DAC60C90064FEF9 /* Sources */,
				A667C5591DAC60C90064FEF9 /* Frameworks */,
				A667C55A1DAC60C90064FEF9 /* Resources */,
			);
			buildRules = (
			);
			dependencies = (
			);
			name = MemeMe_2.0;
			productName = MemeMe_2.0;
			productReference = A667C55C1DAC60C90064FEF9 /* MemeMe_2.0.app */;
			productType = "com.apple.product-type.application";
		};
		A667C56F1DAC60C90064FEF9 /* MemeMe_2.0Tests */ = {
			isa = PBXNativeTarget;
			buildConfigurationList = A667C5871DAC60C90064FEF9 /* Build configuration list for PBXNativeTarget "MemeMe_2.0Tests" */;
			buildPhases = (
				A667C56C1DAC60C90064FEF9 /* Sources */,
				A667C56D1DAC60C90064FEF9 /* Frameworks */,
				A667C56E1DAC60C90064FEF9 /* Resources */,
			);
			buildRules = (
			);
			dependencies = (
				A667C5721DAC60C90064FEF9 /* PBXTargetDependency */,
			);
			name = MemeMe_2.0Tests;
			productName = MemeMe_2.0Tests;
			productReference = A667C5701DAC60C90064FEF9 /* MemeMe_2.0Tests.xctest */;
			productType = "com.apple.product-type.bundle.unit-test";
		};
		A667C57A1DAC60C90064FEF9 /* MemeMe_2.0UITests */ = {
			isa = PBXNativeTarget;
			buildConfigurationList = A667C58A1DAC60C90064FEF9 /* Build configuration list for PBXNativeTarget "MemeMe_2.0UITests" */;
			buildPhases = (
				A667C5771DAC60C90064FEF9 /* Sources */,
				A667C5781DAC60C90064FEF9 /* Frameworks */,
				A667C5791DAC60C90064FEF9 /* Resources */,
			);
			buildRules = (
			);
			dependencies = (
				A667C57D1DAC60C90064FEF9 /* PBXTargetDependency */,
			);
			name = MemeMe_2.0UITests;
			productName = MemeMe_2.0UITests;
			productReference = A667C57B1DAC60C90064FEF9 /* MemeMe_2.0UITests.xctest */;
			productType = "com.apple.product-type.bundle.ui-testing";
		};
/* End PBXNativeTarget section */

/* Begin PBXProject section */
		A667C5541DAC60C90064FEF9 /* Project object */ = {
			isa = PBXProject;
			attributes = {
				LastSwiftUpdateCheck = 0800;
				LastUpgradeCheck = 0800;
				ORGANIZATIONNAME = imac;
				TargetAttributes = {
					A667C55B1DAC60C90064FEF9 = {
						CreatedOnToolsVersion = 8.0;
						DevelopmentTeam = WSQS66Q58Q;
						ProvisioningStyle = Automatic;
						SystemCapabilities = {
							com.apple.BackgroundModes = {
								enabled = 0;
							};
						};
					};
					A667C56F1DAC60C90064FEF9 = {
						CreatedOnToolsVersion = 8.0;
						ProvisioningStyle = Automatic;
						TestTargetID = A667C55B1DAC60C90064FEF9;
					};
					A667C57A1DAC60C90064FEF9 = {
						CreatedOnToolsVersion = 8.0;
						ProvisioningStyle = Automatic;
						TestTargetID = A667C55B1DAC60C90064FEF9;
					};
				};
			};
			buildConfigurationList = A667C5571DAC60C90064FEF9 /* Build configuration list for PBXProject "MemeMe_2.0" */;
			compatibilityVersion = "Xcode 3.2";
			developmentRegion = English;
			hasScannedForEncodings = 0;
			knownRegions = (
				en,
				Base,
			);
			mainGroup = A667C5531DAC60C90064FEF9;
			productRefGroup = A667C55D1DAC60C90064FEF9 /* Products */;
			projectDirPath = "";
			projectRoot = "";
			targets = (
				A667C55B1DAC60C90064FEF9 /* MemeMe_2.0 */,
				A667C56F1DAC60C90064FEF9 /* MemeMe_2.0Tests */,
				A667C57A1DAC60C90064FEF9 /* MemeMe_2.0UITests */,
			);
		};
/* End PBXProject section */

/* Begin PBXResourcesBuildPhase section */
		A667C55A1DAC60C90064FEF9 /* Resources */ = {
			isa = PBXResourcesBuildPhase;
			buildActionMask = 2147483647;
			files = (
				A620B5D71DAE6D80003CF9A4 /* impact.ttf in Resources */,
				A667C56A1DAC60C90064FEF9 /* LaunchScreen.storyboard in Resources */,
				A667C5671DAC60C90064FEF9 /* Assets.xcassets in Resources */,
				A68FA49D1DB0165E001A3E92 /* Main.storyboard in Resources */,
			);
			runOnlyForDeploymentPostprocessing = 0;
		};
		A667C56E1DAC60C90064FEF9 /* Resources */ = {
			isa = PBXResourcesBuildPhase;
			buildActionMask = 2147483647;
			files = (
			);
			runOnlyForDeploymentPostprocessing = 0;
		};
		A667C5791DAC60C90064FEF9 /* Resources */ = {
			isa = PBXResourcesBuildPhase;
			buildActionMask = 2147483647;
			files = (
				A620B5D81DAE6DD7003CF9A4 /* impact.ttf in Resources */,
			);
			runOnlyForDeploymentPostprocessing = 0;
		};
/* End PBXResourcesBuildPhase section */

/* Begin PBXSourcesBuildPhase section */
		A667C5581DAC60C90064FEF9 /* Sources */ = {
			isa = PBXSourcesBuildPhase;
			buildActionMask = 2147483647;
			files = (
				A667C5941DAC63880064FEF9 /* MemeObject.swift in Sources */,
				A665D3CC1DB91BAF0001D88C /* MemeTableViewCell.swift in Sources */,
				A667C5621DAC60C90064FEF9 /* MemeEditorViewController.swift in Sources */,
				A620B5DC1DAE7243003CF9A4 /* MemeCollectionViewCell.swift in Sources */,
				A6D9FE051DAE88E6006F0252 /* SentMemesTableViewController.swift in Sources */,
				A667C5601DAC60C90064FEF9 /* AppDelegate.swift in Sources */,
				A665D3CE1DB91C060001D88C /* SentMemesCollectionViewController.swift in Sources */,
				A68FA49A1DB0148F001A3E92 /* MemesDetailViewController.swift in Sources */,
			);
			runOnlyForDeploymentPostprocessing = 0;
		};
		A667C56C1DAC60C90064FEF9 /* Sources */ = {
			isa = PBXSourcesBuildPhase;
			buildActionMask = 2147483647;
			files = (
			);
			runOnlyForDeploymentPostprocessing = 0;
		};
		A667C5771DAC60C90064FEF9 /* Sources */ = {
			isa = PBXSourcesBuildPhase;
			buildActionMask = 2147483647;
			files = (
			);
			runOnlyForDeploymentPostprocessing = 0;
		};
/* End PBXSourcesBuildPhase section */

/* Begin PBXTargetDependency section */
		A667C5721DAC60C90064FEF9 /* PBXTargetDependency */ = {
			isa = PBXTargetDependency;
			target = A667C55B1DAC60C90064FEF9 /* MemeMe_2.0 */;
			targetProxy = A667C5711DAC60C90064FEF9 /* PBXContainerItemProxy */;
		};
		A667C57D1DAC60C90064FEF9 /* PBXTargetDependency */ = {
			isa = PBXTargetDependency;
			target = A667C55B1DAC60C90064FEF9 /* MemeMe_2.0 */;
			targetProxy = A667C57C1DAC60C90064FEF9 /* PBXContainerItemProxy */;
		};
/* End PBXTargetDependency section */

/* Begin PBXVariantGroup section */
		A667C5681DAC60C90064FEF9 /* LaunchScreen.storyboard */ = {
			isa = PBXVariantGroup;
			children = (
				A667C5691DAC60C90064FEF9 /* Base */,
			);
			name = LaunchScreen.storyboard;
			path = MemeMe_2.0;
			sourceTree = "<group>";
		};
		A68FA49B1DB0165E001A3E92 /* Main.storyboard */ = {
			isa = PBXVariantGroup;
			children = (
				A68FA49C1DB0165E001A3E92 /* Base */,
			);
			name = Main.storyboard;
			sourceTree = "<group>";
		};
/* End PBXVariantGroup section */

/* Begin XCBuildConfiguration section */
		A667C5821DAC60C90064FEF9 /* Debug */ = {
			isa = XCBuildConfiguration;
			buildSettings = {
				ALWAYS_SEARCH_USER_PATHS = NO;
				CLANG_ANALYZER_NONNULL = YES;
				CLANG_CXX_LANGUAGE_STANDARD = "gnu++0x";
				CLANG_CXX_LIBRARY = "libc++";
				CLANG_ENABLE_MODULES = YES;
				CLANG_ENABLE_OBJC_ARC = YES;
				CLANG_WARN_BOOL_CONVERSION = YES;
				CLANG_WARN_CONSTANT_CONVERSION = YES;
				CLANG_WARN_DIRECT_OBJC_ISA_USAGE = YES_ERROR;
				CLANG_WARN_DOCUMENTATION_COMMENTS = YES;
				CLANG_WARN_EMPTY_BODY = YES;
				CLANG_WARN_ENUM_CONVERSION = YES;
				CLANG_WARN_INFINITE_RECURSION = YES;
				CLANG_WARN_INT_CONVERSION = YES;
				CLANG_WARN_OBJC_ROOT_CLASS = YES_ERROR;
				CLANG_WARN_SUSPICIOUS_MOVES = YES;
				CLANG_WARN_UNREACHABLE_CODE = YES;
				CLANG_WARN__DUPLICATE_METHOD_MATCH = YES;
				"CODE_SIGN_IDENTITY[sdk=iphoneos*]" = "iPhone Developer";
				COPY_PHASE_STRIP = NO;
				DEBUG_INFORMATION_FORMAT = dwarf;
				ENABLE_STRICT_OBJC_MSGSEND = YES;
				ENABLE_TESTABILITY = YES;
				GCC_C_LANGUAGE_STANDARD = gnu99;
				GCC_DYNAMIC_NO_PIC = NO;
				GCC_NO_COMMON_BLOCKS = YES;
				GCC_OPTIMIZATION_LEVEL = 0;
				GCC_PREPROCESSOR_DEFINITIONS = (
					"DEBUG=1",
					"$(inherited)",
				);
				GCC_WARN_64_TO_32_BIT_CONVERSION = YES;
				GCC_WARN_ABOUT_RETURN_TYPE = YES_ERROR;
				GCC_WARN_UNDECLARED_SELECTOR = YES;
				GCC_WARN_UNINITIALIZED_AUTOS = YES_AGGRESSIVE;
				GCC_WARN_UNUSED_FUNCTION = YES;
				GCC_WARN_UNUSED_VARIABLE = YES;
				IPHONEOS_DEPLOYMENT_TARGET = 10.0;
				MTL_ENABLE_DEBUG_INFO = YES;
				ONLY_ACTIVE_ARCH = YES;
				SDKROOT = iphoneos;
				SWIFT_ACTIVE_COMPILATION_CONDITIONS = DEBUG;
				SWIFT_OPTIMIZATION_LEVEL = "-Onone";
				TARGETED_DEVICE_FAMILY = "1,2";
			};
			name = Debug;
		};
		A667C5831DAC60C90064FEF9 /* Release */ = {
			isa = XCBuildConfiguration;
			buildSettings = {
				ALWAYS_SEARCH_USER_PATHS = NO;
				CLANG_ANALYZER_NONNULL = YES;
				CLANG_CXX_LANGUAGE_STANDARD = "gnu++0x";
				CLANG_CXX_LIBRARY = "libc++";
				CLANG_ENABLE_MODULES = YES;
				CLANG_ENABLE_OBJC_ARC = YES;
				CLANG_WARN_BOOL_CONVERSION = YES;
				CLANG_WARN_CONSTANT_CONVERSION = YES;
				CLANG_WARN_DIRECT_OBJC_ISA_USAGE = YES_ERROR;
				CLANG_WARN_DOCUMENTATION_COMMENTS = YES;
				CLANG_WARN_EMPTY_BODY = YES;
				CLANG_WARN_ENUM_CONVERSION = YES;
				CLANG_WARN_INFINITE_RECURSION = YES;
				CLANG_WARN_INT_CONVERSION = YES;
				CLANG_WARN_OBJC_ROOT_CLASS = YES_ERROR;
				CLANG_WARN_SUSPICIOUS_MOVES = YES;
				CLANG_WARN_UNREACHABLE_CODE = YES;
				CLANG_WARN__DUPLICATE_METHOD_MATCH = YES;
				"CODE_SIGN_IDENTITY[sdk=iphoneos*]" = "iPhone Developer";
				COPY_PHASE_STRIP = NO;
				DEBUG_INFORMATION_FORMAT = "dwarf-with-dsym";
				ENABLE_NS_ASSERTIONS = NO;
				ENABLE_STRICT_OBJC_MSGSEND = YES;
				GCC_C_LANGUAGE_STANDARD = gnu99;
				GCC_NO_COMMON_BLOCKS = YES;
				GCC_WARN_64_TO_32_BIT_CONVERSION = YES;
				GCC_WARN_ABOUT_RETURN_TYPE = YES_ERROR;
				GCC_WARN_UNDECLARED_SELECTOR = YES;
				GCC_WARN_UNINITIALIZED_AUTOS = YES_AGGRESSIVE;
				GCC_WARN_UNUSED_FUNCTION = YES;
				GCC_WARN_UNUSED_VARIABLE = YES;
				IPHONEOS_DEPLOYMENT_TARGET = 10.0;
				MTL_ENABLE_DEBUG_INFO = NO;
				SDKROOT = iphoneos;
				SWIFT_OPTIMIZATION_LEVEL = "-Owholemodule";
				TARGETED_DEVICE_FAMILY = "1,2";
				VALIDATE_PRODUCT = YES;
			};
			name = Release;
		};
		A667C5851DAC60C90064FEF9 /* Debug */ = {
			isa = XCBuildConfiguration;
			buildSettings = {
				ASSETCATALOG_COMPILER_APPICON_NAME = AppIcon;
				DEVELOPMENT_TEAM = WSQS66Q58Q;
				INFOPLIST_FILE = MemeMe_2.0/Info.plist;
				IPHONEOS_DEPLOYMENT_TARGET = 9.3;
				LD_RUNPATH_SEARCH_PATHS = "$(inherited) @executable_path/Frameworks";
				PRODUCT_BUNDLE_IDENTIFIER = RanaAljasser.MemeMe2;
				PRODUCT_NAME = "$(TARGET_NAME)";
				SWIFT_VERSION = 4.2;
			};
			name = Debug;
		};
		A667C5861DAC60C90064FEF9 /* Release */ = {
			isa = XCBuildConfiguration;
			buildSettings = {
				ASSETCATALOG_COMPILER_APPICON_NAME = AppIcon;
				DEVELOPMENT_TEAM = WSQS66Q58Q;
				INFOPLIST_FILE = MemeMe_2.0/Info.plist;
				IPHONEOS_DEPLOYMENT_TARGET = 9.3;
				LD_RUNPATH_SEARCH_PATHS = "$(inherited) @executable_path/Frameworks";
				PRODUCT_BUNDLE_IDENTIFIER = RanaAljasser.MemeMe2;
				PRODUCT_NAME = "$(TARGET_NAME)";
				SWIFT_VERSION = 4.2;
			};
			name = Release;
		};
		A667C5881DAC60C90064FEF9 /* Debug */ = {
			isa = XCBuildConfiguration;
			buildSettings = {
				ALWAYS_EMBED_SWIFT_STANDARD_LIBRARIES = YES;
				BUNDLE_LOADER = "$(TEST_HOST)";
				INFOPLIST_FILE = MemeMe_2.0Tests/Info.plist;
				LD_RUNPATH_SEARCH_PATHS = "$(inherited) @executable_path/Frameworks @loader_path/Frameworks";
				PRODUCT_BUNDLE_IDENTIFIER = "com.prueba.prueba.MemeMe-2-0Tests";
				PRODUCT_NAME = "$(TARGET_NAME)";
				SWIFT_VERSION = 3.0;
				TEST_HOST = "$(BUILT_PRODUCTS_DIR)/MemeMe_2.0.app/MemeMe_2.0";
			};
			name = Debug;
		};
		A667C5891DAC60C90064FEF9 /* Release */ = {
			isa = XCBuildConfiguration;
			buildSettings = {
				ALWAYS_EMBED_SWIFT_STANDARD_LIBRARIES = YES;
				BUNDLE_LOADER = "$(TEST_HOST)";
				INFOPLIST_FILE = MemeMe_2.0Tests/Info.plist;
				LD_RUNPATH_SEARCH_PATHS = "$(inherited) @executable_path/Frameworks @loader_path/Frameworks";
				PRODUCT_BUNDLE_IDENTIFIER = "com.prueba.prueba.MemeMe-2-0Tests";
				PRODUCT_NAME = "$(TARGET_NAME)";
				SWIFT_VERSION = 3.0;
				TEST_HOST = "$(BUILT_PRODUCTS_DIR)/MemeMe_2.0.app/MemeMe_2.0";
			};
			name = Release;
		};
		A667C58B1DAC60C90064FEF9 /* Debug */ = {
			isa = XCBuildConfiguration;
			buildSettings = {
				ALWAYS_EMBED_SWIFT_STANDARD_LIBRARIES = YES;
				INFOPLIST_FILE = MemeMe_2.0UITests/Info.plist;
				LD_RUNPATH_SEARCH_PATHS = "$(inherited) @executable_path/Frameworks @loader_path/Frameworks";
				PRODUCT_BUNDLE_IDENTIFIER = "com.prueba.prueba.MemeMe-2-0UITests";
				PRODUCT_NAME = "$(TARGET_NAME)";
				SWIFT_VERSION = 3.0;
				TEST_TARGET_NAME = MemeMe_2.0;
			};
			name = Debug;
		};
		A667C58C1DAC60C90064FEF9 /* Release */ = {
			isa = XCBuildConfiguration;
			buildSettings = {
				ALWAYS_EMBED_SWIFT_STANDARD_LIBRARIES = YES;
				INFOPLIST_FILE = MemeMe_2.0UITests/Info.plist;
				LD_RUNPATH_SEARCH_PATHS = "$(inherited) @executable_path/Frameworks @loader_path/Frameworks";
				PRODUCT_BUNDLE_IDENTIFIER = "com.prueba.prueba.MemeMe-2-0UITests";
				PRODUCT_NAME = "$(TARGET_NAME)";
				SWIFT_VERSION = 3.0;
				TEST_TARGET_NAME = MemeMe_2.0;
			};
			name = Release;
		};
/* End XCBuildConfiguration section */

/* Begin XCConfigurationList section */
		A667C5571DAC60C90064FEF9 /* Build configuration list for PBXProject "MemeMe_2.0" */ = {
			isa = XCConfigurationList;
			buildConfigurations = (
				A667C5821DAC60C90064FEF9 /* Debug */,
				A667C5831DAC60C90064FEF9 /* Release */,
			);
			defaultConfigurationIsVisible = 0;
			defaultConfigurationName = Release;
		};
		A667C5841DAC60C90064FEF9 /* Build configuration list for PBXNativeTarget "MemeMe_2.0" */ = {
			isa = XCConfigurationList;
			buildConfigurations = (
				A667C5851DAC60C90064FEF9 /* Debug */,
				A667C5861DAC60C90064FEF9 /* Release */,
			);
			defaultConfigurationIsVisible = 0;
			defaultConfigurationName = Release;
		};
		A667C5871DAC60C90064FEF9 /* Build configuration list for PBXNativeTarget "MemeMe_2.0Tests" */ = {
			isa = XCConfigurationList;
			buildConfigurations = (
				A667C5881DAC60C90064FEF9 /* Debug */,
				A667C5891DAC60C90064FEF9 /* Release */,
			);
			defaultConfigurationIsVisible = 0;
			defaultConfigurationName = Release;
		};
		A667C58A1DAC60C90064FEF9 /* Build configuration list for PBXNativeTarget "MemeMe_2.0UITests" */ = {
			isa = XCConfigurationList;
			buildConfigurations = (
				A667C58B1DAC60C90064FEF9 /* Debug */,
				A667C58C1DAC60C90064FEF9 /* Release */,
			);
			defaultConfigurationIsVisible = 0;
			defaultConfigurationName = Release;
		};
/* End XCConfigurationList section */
	};
	rootObject = A667C5541DAC60C90064FEF9 /* Project object */;
}
